
Microsoft Visual Studio Solution File, Format Version 12.00
# Visual Studio Version 16
VisualStudioVersion = 16.0.30907.101
MinimumVisualStudioVersion = 10.0.40219.1
Project("{FAE04EC0-301F-11D3-BF4B-00C04F79EFBC}") = "TMS.Net07.Homework.DaysOfWeek", "TMS.Net07.Homework.DaysOfWeek\TMS.Net07.Homework.DaysOfWeek.csproj", "{AFAA3FAB-499D-4FF9-9503-D11E50584023}"
EndProject
Global
	GlobalSection(SolutionConfigurationPlatforms) = preSolution
		Debug|Any CPU = Debug|Any CPU
		Release|Any CPU = Release|Any CPU
	EndGlobalSection
	GlobalSection(ProjectConfigurationPlatforms) = postSolution
		{AFAA3FAB-499D-4FF9-9503-D11E50584023}.Debug|Any CPU.ActiveCfg = Debug|Any CPU
		{AFAA3FAB-499D-4FF9-9503-D11E50584023}.Debug|Any CPU.Build.0 = Debug|Any CPU
		{AFAA3FAB-499D-4FF9-9503-D11E50584023}.Release|Any CPU.ActiveCfg = Release|Any CPU
		{AFAA3FAB-499D-4FF9-9503-D11E50584023}.Release|Any CPU.Build.0 = Release|Any CPU
	EndGlobalSection
	GlobalSection(SolutionProperties) = preSolution
		HideSolutionNode = FALSE
	EndGlobalSection
	GlobalSection(ExtensibilityGlobals) = postSolution
		SolutionGuid = {EC748EAB-942E-4BCC-B946-89E18BC886A8}
	EndGlobalSection
EndGlobal
