
Microsoft Visual Studio Solution File, Format Version 12.00
# Visual Studio Version 16
VisualStudioVersion = 16.0.30907.101
MinimumVisualStudioVersion = 10.0.40219.1
Project("{FAE04EC0-301F-11D3-BF4B-00C04F79EFBC}") = "Task3.FibonacciRecurs", "Task3.FibonacciRecurs\Task3.FibonacciRecurs.csproj", "{04F92CA5-2D4C-4AEC-9CA1-C60C6AD6CDCB}"
EndProject
Global
	GlobalSection(SolutionConfigurationPlatforms) = preSolution
		Debug|Any CPU = Debug|Any CPU
		Release|Any CPU = Release|Any CPU
	EndGlobalSection
	GlobalSection(ProjectConfigurationPlatforms) = postSolution
		{04F92CA5-2D4C-4AEC-9CA1-C60C6AD6CDCB}.Debug|Any CPU.ActiveCfg = Debug|Any CPU
		{04F92CA5-2D4C-4AEC-9CA1-C60C6AD6CDCB}.Debug|Any CPU.Build.0 = Debug|Any CPU
		{04F92CA5-2D4C-4AEC-9CA1-C60C6AD6CDCB}.Release|Any CPU.ActiveCfg = Release|Any CPU
		{04F92CA5-2D4C-4AEC-9CA1-C60C6AD6CDCB}.Release|Any CPU.Build.0 = Release|Any CPU
	EndGlobalSection
	GlobalSection(SolutionProperties) = preSolution
		HideSolutionNode = FALSE
	EndGlobalSection
	GlobalSection(ExtensibilityGlobals) = postSolution
		SolutionGuid = {C02739E4-9916-4EC0-89D7-AEEEE5008CA3}
	EndGlobalSection
EndGlobal
